
Microsoft Visual Studio Solution File, Format Version 12.00
# Visual Studio Version 17
VisualStudioVersion = 17.1.32210.238
MinimumVisualStudioVersion = 10.0.40219.1
Project("{FAE04EC0-301F-11D3-BF4B-00C04F79EFBC}") = "Pikachu", "Pikachu\Pikachu.csproj", "{2AE403DD-CA29-4CC5-92E3-86AC05456B2B}"
EndProject
Global
	GlobalSection(SolutionConfigurationPlatforms) = preSolution
		Debug|Any CPU = Debug|Any CPU
		Release|Any CPU = Release|Any CPU
	EndGlobalSection
	GlobalSection(ProjectConfigurationPlatforms) = postSolution
		{2AE403DD-CA29-4CC5-92E3-86AC05456B2B}.Debug|Any CPU.ActiveCfg = Debug|Any CPU
		{2AE403DD-CA29-4CC5-92E3-86AC05456B2B}.Debug|Any CPU.Build.0 = Debug|Any CPU
		{2AE403DD-CA29-4CC5-92E3-86AC05456B2B}.Release|Any CPU.ActiveCfg = Release|Any CPU
		{2AE403DD-CA29-4CC5-92E3-86AC05456B2B}.Release|Any CPU.Build.0 = Release|Any CPU
	EndGlobalSection
	GlobalSection(SolutionProperties) = preSolution
		HideSolutionNode = FALSE
	EndGlobalSection
	GlobalSection(ExtensibilityGlobals) = postSolution
		SolutionGuid = {3ECE57B7-0F9F-436E-9751-0616307EE31B}
	EndGlobalSection
EndGlobal
